
Microsoft Visual Studio Solution File, Format Version 11.00
# Visual Studio 2010
Project("{FAE04EC0-301F-11D3-BF4B-00C04F79EFBC}") = "Assembly-CSharp", "Assembly-CSharp.csproj", "{20759FD8-582E-026A-0E95-915A264C2C1F}"
EndProject
Project("{FAE04EC0-301F-11D3-BF4B-00C04F79EFBC}") = "Assembly-CSharp-firstpass", "Assembly-CSharp-firstpass.csproj", "{92BBB9B3-EC11-A5E9-9F85-8EB18DE2FBF6}"
EndProject
Project("{FAE04EC0-301F-11D3-BF4B-00C04F79EFBC}") = "Assembly-CSharp-Editor", "Assembly-CSharp-Editor.csproj", "{B1AE3C3F-1A38-64B2-14BE-847AAC122F0F}"
EndProject
Project("{FAE04EC0-301F-11D3-BF4B-00C04F79EFBC}") = "Assembly-CSharp-Editor-firstpass", "Assembly-CSharp-Editor-firstpass.csproj", "{6D995734-249A-1FDB-0382-A048DCFE0C42}"
EndProject
Global
	GlobalSection(SolutionConfigurationPlatforms) = preSolution
		Debug|Any CPU = Debug|Any CPU
		Release|Any CPU = Release|Any CPU
	EndGlobalSection
	GlobalSection(ProjectConfigurationPlatforms) = postSolution
		{20759FD8-582E-026A-0E95-915A264C2C1F}.Debug|Any CPU.ActiveCfg = Debug|Any CPU
		{20759FD8-582E-026A-0E95-915A264C2C1F}.Debug|Any CPU.Build.0 = Debug|Any CPU
		{20759FD8-582E-026A-0E95-915A264C2C1F}.Release|Any CPU.ActiveCfg = Release|Any CPU
		{20759FD8-582E-026A-0E95-915A264C2C1F}.Release|Any CPU.Build.0 = Release|Any CPU
		{92BBB9B3-EC11-A5E9-9F85-8EB18DE2FBF6}.Debug|Any CPU.ActiveCfg = Debug|Any CPU
		{92BBB9B3-EC11-A5E9-9F85-8EB18DE2FBF6}.Debug|Any CPU.Build.0 = Debug|Any CPU
		{92BBB9B3-EC11-A5E9-9F85-8EB18DE2FBF6}.Release|Any CPU.ActiveCfg = Release|Any CPU
		{92BBB9B3-EC11-A5E9-9F85-8EB18DE2FBF6}.Release|Any CPU.Build.0 = Release|Any CPU
		{B1AE3C3F-1A38-64B2-14BE-847AAC122F0F}.Debug|Any CPU.ActiveCfg = Debug|Any CPU
		{B1AE3C3F-1A38-64B2-14BE-847AAC122F0F}.Debug|Any CPU.Build.0 = Debug|Any CPU
		{B1AE3C3F-1A38-64B2-14BE-847AAC122F0F}.Release|Any CPU.ActiveCfg = Release|Any CPU
		{B1AE3C3F-1A38-64B2-14BE-847AAC122F0F}.Release|Any CPU.Build.0 = Release|Any CPU
		{6D995734-249A-1FDB-0382-A048DCFE0C42}.Debug|Any CPU.ActiveCfg = Debug|Any CPU
		{6D995734-249A-1FDB-0382-A048DCFE0C42}.Debug|Any CPU.Build.0 = Debug|Any CPU
		{6D995734-249A-1FDB-0382-A048DCFE0C42}.Release|Any CPU.ActiveCfg = Release|Any CPU
		{6D995734-249A-1FDB-0382-A048DCFE0C42}.Release|Any CPU.Build.0 = Release|Any CPU
	EndGlobalSection
	GlobalSection(SolutionProperties) = preSolution
		HideSolutionNode = FALSE
	EndGlobalSection
EndGlobal
